github.com/khujou/twitchgo v0.0.0-20241215085318-6bbb231242da h1:Q23h15x6pxF8bWJf+2SzecujHlyis4gNJTzbTR/LDjc=
github.com/khujou/twitchgo v0.0.0-20241215085318-6bbb231242da/go.mod h1:k0SnIb/kkqZL8g7FzlpGNAUG9yoNejySm8Z0rj1XVig=
github.com/khujou/twitchgo v0.0.0-20241215200746-600878319614 h1:5PvZrhNoXzQEjq1HL/Othqdb7PDXQCCFvOKDqxZjRAA=
github.com/khujou/twitchgo v0.0.0-20241215200746-600878319614/go.mod h1:k0SnIb/kkqZL8g7FzlpGNAUG9yoNejySm8Z0rj1XVig=
