github.com/khujou/twitchgo v0.0.0-20241215033705-f1edc756f562 h1:YuFIgm9AnHK7GXy9YdTkzv/mo0IDrrreI84wZODA7LM=
github.com/khujou/twitchgo v0.0.0-20241215033705-f1edc756f562/go.mod h1:k0SnIb/kkqZL8g7FzlpGNAUG9yoNejySm8Z0rj1XVig=
github.com/khujou/twitchgo v0.0.0-20241215085318-6bbb231242da h1:Q23h15x6pxF8bWJf+2SzecujHlyis4gNJTzbTR/LDjc=
github.com/khujou/twitchgo v0.0.0-20241215085318-6bbb231242da/go.mod h1:k0SnIb/kkqZL8g7FzlpGNAUG9yoNejySm8Z0rj1XVig=
